// !$*UTF8*$!
{
	archiveVersion = 1;
	classes = {
	};
	objectVersion = 56;
	objects = {

/* Begin PBXBuildFile section */
		BA76A3912ABD8FA4005AC7D0 /* RealityKitContent in Frameworks */ = {isa = PBXBuildFile; productRef = BA76A3902ABD8FA4005AC7D0 /* RealityKitContent */; };
		BA76A3932ABD8FA4005AC7D0 /* 360ViewerVOApp.swift in Sources */ = {isa = PBXBuildFile; fileRef = BA76A3922ABD8FA4005AC7D0 /* 360ViewerVOApp.swift */; };
		BA76A3952ABD8FA4005AC7D0 /* ContentView.swift in Sources */ = {isa = PBXBuildFile; fileRef = BA76A3942ABD8FA4005AC7D0 /* ContentView.swift */; };
		BA76A3972ABD8FA4005AC7D0 /* ImmersiveView.swift in Sources */ = {isa = PBXBuildFile; fileRef = BA76A3962ABD8FA4005AC7D0 /* ImmersiveView.swift */; };
		BA76A3992ABD8FA5005AC7D0 /* Assets.xcassets in Resources */ = {isa = PBXBuildFile; fileRef = BA76A3982ABD8FA5005AC7D0 /* Assets.xcassets */; };
		BA76A39C2ABD8FA5005AC7D0 /* Preview Assets.xcassets in Resources */ = {isa = PBXBuildFile; fileRef = BA76A39B2ABD8FA5005AC7D0 /* Preview Assets.xcassets */; };
/* End PBXBuildFile section */

/* Begin PBXFileReference section */
		BA70418E2B492FFF002A37E6 /* README.md */ = {isa = PBXFileReference; lastKnownFileType = net.daringfireball.markdown; path = README.md; sourceTree = "<group>"; };
		BA76A38B2ABD8FA4005AC7D0 /* 360ViewerVO.app */ = {isa = PBXFileReference; explicitFileType = wrapper.application; includeInIndex = 0; path = 360ViewerVO.app; sourceTree = BUILT_PRODUCTS_DIR; };
		BA76A38F2ABD8FA4005AC7D0 /* RealityKitContent */ = {isa = PBXFileReference; lastKnownFileType = wrapper; path = RealityKitContent; sourceTree = "<group>"; };
		BA76A3922ABD8FA4005AC7D0 /* 360ViewerVOApp.swift */ = {isa = PBXFileReference; lastKnownFileType = sourcecode.swift; path = 360ViewerVOApp.swift; sourceTree = "<group>"; };
		BA76A3942ABD8FA4005AC7D0 /* ContentView.swift */ = {isa = PBXFileReference; lastKnownFileType = sourcecode.swift; path = ContentView.swift; sourceTree = "<group>"; };
		BA76A3962ABD8FA4005AC7D0 /* ImmersiveView.swift */ = {isa = PBXFileReference; lastKnownFileType = sourcecode.swift; path = ImmersiveView.swift; sourceTree = "<group>"; };
		BA76A3982ABD8FA5005AC7D0 /* Assets.xcassets */ = {isa = PBXFileReference; lastKnownFileType = folder.assetcatalog; path = Assets.xcassets; sourceTree = "<group>"; };
		BA76A39B2ABD8FA5005AC7D0 /* Preview Assets.xcassets */ = {isa = PBXFileReference; lastKnownFileType = folder.assetcatalog; path = "Preview Assets.xcassets"; sourceTree = "<group>"; };
		BA76A39D2ABD8FA5005AC7D0 /* Info.plist */ = {isa = PBXFileReference; lastKnownFileType = text.plist.xml; path = Info.plist; sourceTree = "<group>"; };
/* End PBXFileReference section */

/* Begin PBXFrameworksBuildPhase section */
		BA76A3882ABD8FA4005AC7D0 /* Frameworks */ = {
			isa = PBXFrameworksBuildPhase;
			buildActionMask = 2147483647;
			files = (
				BA76A3912ABD8FA4005AC7D0 /* RealityKitContent in Frameworks */,
			);
			runOnlyForDeploymentPostprocessing = 0;
		};
/* End PBXFrameworksBuildPhase section */

/* Begin PBXGroup section */
		BA76A3822ABD8FA4005AC7D0 = {
			isa = PBXGroup;
			children = (
				BA70418E2B492FFF002A37E6 /* README.md */,
				BA76A38D2ABD8FA4005AC7D0 /* 360ViewerVO */,
				BA76A38E2ABD8FA4005AC7D0 /* Packages */,
				BA76A38C2ABD8FA4005AC7D0 /* Products */,
			);
			sourceTree = "<group>";
		};
		BA76A38C2ABD8FA4005AC7D0 /* Products */ = {
			isa = PBXGroup;
			children = (
				BA76A38B2ABD8FA4005AC7D0 /* 360ViewerVO.app */,
			);
			name = Products;
			sourceTree = "<group>";
		};
		BA76A38D2ABD8FA4005AC7D0 /* 360ViewerVO */ = {
			isa = PBXGroup;
			children = (
				BA76A3922ABD8FA4005AC7D0 /* 360ViewerVOApp.swift */,
				BA76A3942ABD8FA4005AC7D0 /* ContentView.swift */,
				BA76A3962ABD8FA4005AC7D0 /* ImmersiveView.swift */,
				BA76A3982ABD8FA5005AC7D0 /* Assets.xcassets */,
				BA76A39D2ABD8FA5005AC7D0 /* Info.plist */,
				BA76A39A2ABD8FA5005AC7D0 /* Preview Content */,
			);
			path = 360ViewerVO;
			sourceTree = "<group>";
		};
		BA76A38E2ABD8FA4005AC7D0 /* Packages */ = {
			isa = PBXGroup;
			children = (
				BA76A38F2ABD8FA4005AC7D0 /* RealityKitContent */,
			);
			path = Packages;
			sourceTree = "<group>";
		};
		BA76A39A2ABD8FA5005AC7D0 /* Preview Content */ = {
			isa = PBXGroup;
			children = (
				BA76A39B2ABD8FA5005AC7D0 /* Preview Assets.xcassets */,
			);
			path = "Preview Content";
			sourceTree = "<group>";
		};
/* End PBXGroup section */

/* Begin PBXNativeTarget section */
		BA76A38A2ABD8FA4005AC7D0 /* 360ViewerVO */ = {
			isa = PBXNativeTarget;
			buildConfigurationList = BA76A3A02ABD8FA5005AC7D0 /* Build configuration list for PBXNativeTarget "360ViewerVO" */;
			buildPhases = (
				BA76A3872ABD8FA4005AC7D0 /* Sources */,
				BA76A3882ABD8FA4005AC7D0 /* Frameworks */,
				BA76A3892ABD8FA4005AC7D0 /* Resources */,
			);
			buildRules = (
			);
			dependencies = (
			);
			name = 360ViewerVO;
			packageProductDependencies = (
				BA76A3902ABD8FA4005AC7D0 /* RealityKitContent */,
			);
			productName = 360ViewerVO;
			productReference = BA76A38B2ABD8FA4005AC7D0 /* 360ViewerVO.app */;
			productType = "com.apple.product-type.application";
		};
/* End PBXNativeTarget section */

/* Begin PBXProject section */
		BA76A3832ABD8FA4005AC7D0 /* Project object */ = {
			isa = PBXProject;
			attributes = {
				BuildIndependentTargetsInParallel = 1;
				LastSwiftUpdateCheck = 1500;
				LastUpgradeCheck = 1500;
				TargetAttributes = {
					BA76A38A2ABD8FA4005AC7D0 = {
						CreatedOnToolsVersion = 15.0;
					};
				};
			};
			buildConfigurationList = BA76A3862ABD8FA4005AC7D0 /* Build configuration list for PBXProject "360ViewerVO" */;
			compatibilityVersion = "Xcode 14.0";
			developmentRegion = en;
			hasScannedForEncodings = 0;
			knownRegions = (
				en,
				Base,
			);
			mainGroup = BA76A3822ABD8FA4005AC7D0;
			productRefGroup = BA76A38C2ABD8FA4005AC7D0 /* Products */;
			projectDirPath = "";
			projectRoot = "";
			targets = (
				BA76A38A2ABD8FA4005AC7D0 /* 360ViewerVO */,
			);
		};
/* End PBXProject section */

/* Begin PBXResourcesBuildPhase section */
		BA76A3892ABD8FA4005AC7D0 /* Resources */ = {
			isa = PBXResourcesBuildPhase;
			buildActionMask = 2147483647;
			files = (
				BA76A39C2ABD8FA5005AC7D0 /* Preview Assets.xcassets in Resources */,
				BA76A3992ABD8FA5005AC7D0 /* Assets.xcassets in Resources */,
			);
			runOnlyForDeploymentPostprocessing = 0;
		};
/* End PBXResourcesBuildPhase section */

/* Begin PBXSourcesBuildPhase section */
		BA76A3872ABD8FA4005AC7D0 /* Sources */ = {
			isa = PBXSourcesBuildPhase;
			buildActionMask = 2147483647;
			files = (
				BA76A3952ABD8FA4005AC7D0 /* ContentView.swift in Sources */,
				BA76A3932ABD8FA4005AC7D0 /* 360ViewerVOApp.swift in Sources */,
				BA76A3972ABD8FA4005AC7D0 /* ImmersiveView.swift in Sources */,
			);
			runOnlyForDeploymentPostprocessing = 0;
		};
/* End PBXSourcesBuildPhase section */

/* Begin XCBuildConfiguration section */
		BA76A39E2ABD8FA5005AC7D0 /* Debug */ = {
			isa = XCBuildConfiguration;
			buildSettings = {
				ALWAYS_SEARCH_USER_PATHS = NO;
				ASSETCATALOG_COMPILER_GENERATE_SWIFT_ASSET_SYMBOL_EXTENSIONS = YES;
				CLANG_ANALYZER_NONNULL = YES;
				CLANG_ANALYZER_NUMBER_OBJECT_CONVERSION = YES_AGGRESSIVE;
				CLANG_CXX_LANGUAGE_STANDARD = "gnu++20";
				CLANG_ENABLE_MODULES = YES;
				CLANG_ENABLE_OBJC_ARC = YES;
				CLANG_ENABLE_OBJC_WEAK = YES;
				CLANG_WARN_BLOCK_CAPTURE_AUTORELEASING = YES;
				CLANG_WARN_BOOL_CONVERSION = YES;
				CLANG_WARN_COMMA = YES;
				CLANG_WARN_CONSTANT_CONVERSION = YES;
				CLANG_WARN_DEPRECATED_OBJC_IMPLEMENTATIONS = YES;
				CLANG_WARN_DIRECT_OBJC_ISA_USAGE = YES_ERROR;
				CLANG_WARN_DOCUMENTATION_COMMENTS = YES;
				CLANG_WARN_EMPTY_BODY = YES;
				CLANG_WARN_ENUM_CONVERSION = YES;
				CLANG_WARN_INFINITE_RECURSION = YES;
				CLANG_WARN_INT_CONVERSION = YES;
				CLANG_WARN_NON_LITERAL_NULL_CONVERSION = YES;
				CLANG_WARN_OBJC_IMPLICIT_RETAIN_SELF = YES;
				CLANG_WARN_OBJC_LITERAL_CONVERSION = YES;
				CLANG_WARN_OBJC_ROOT_CLASS = YES_ERROR;
				CLANG_WARN_QUOTED_INCLUDE_IN_FRAMEWORK_HEADER = YES;
				CLANG_WARN_RANGE_LOOP_ANALYSIS = YES;
				CLANG_WARN_STRICT_PROTOTYPES = YES;
				CLANG_WARN_SUSPICIOUS_MOVE = YES;
				CLANG_WARN_UNGUARDED_AVAILABILITY = YES_AGGRESSIVE;
				CLANG_WARN_UNREACHABLE_CODE = YES;
				CLANG_WARN__DUPLICATE_METHOD_MATCH = YES;
				COPY_PHASE_STRIP = NO;
				DEBUG_INFORMATION_FORMAT = dwarf;
				ENABLE_STRICT_OBJC_MSGSEND = YES;
				ENABLE_TESTABILITY = YES;
				ENABLE_USER_SCRIPT_SANDBOXING = YES;
				GCC_C_LANGUAGE_STANDARD = gnu17;
				GCC_DYNAMIC_NO_PIC = NO;
				GCC_NO_COMMON_BLOCKS = YES;
				GCC_OPTIMIZATION_LEVEL = 0;
				GCC_PREPROCESSOR_DEFINITIONS = (
					"DEBUG=1",
					"$(inherited)",
				);
				GCC_WARN_64_TO_32_BIT_CONVERSION = YES;
				GCC_WARN_ABOUT_RETURN_TYPE = YES_ERROR;
				GCC_WARN_UNDECLARED_SELECTOR = YES;
				GCC_WARN_UNINITIALIZED_AUTOS = YES_AGGRESSIVE;
				GCC_WARN_UNUSED_FUNCTION = YES;
				GCC_WARN_UNUSED_VARIABLE = YES;
				LOCALIZATION_PREFERS_STRING_CATALOGS = YES;
				MTL_ENABLE_DEBUG_INFO = INCLUDE_SOURCE;
				MTL_FAST_MATH = YES;
				ONLY_ACTIVE_ARCH = YES;
				SDKROOT = xros;
				SWIFT_ACTIVE_COMPILATION_CONDITIONS = "DEBUG $(inherited)";
				SWIFT_OPTIMIZATION_LEVEL = "-Onone";
				XROS_DEPLOYMENT_TARGET = 1.0;
			};
			name = Debug;
		};
		BA76A39F2ABD8FA5005AC7D0 /* Release */ = {
			isa = XCBuildConfiguration;
			buildSettings = {
				ALWAYS_SEARCH_USER_PATHS = NO;
				ASSETCATALOG_COMPILER_GENERATE_SWIFT_ASSET_SYMBOL_EXTENSIONS = YES;
				CLANG_ANALYZER_NONNULL = YES;
				CLANG_ANALYZER_NUMBER_OBJECT_CONVERSION = YES_AGGRESSIVE;
				CLANG_CXX_LANGUAGE_STANDARD = "gnu++20";
				CLANG_ENABLE_MODULES = YES;
				CLANG_ENABLE_OBJC_ARC = YES;
				CLANG_ENABLE_OBJC_WEAK = YES;
				CLANG_WARN_BLOCK_CAPTURE_AUTORELEASING = YES;
				CLANG_WARN_BOOL_CONVERSION = YES;
				CLANG_WARN_COMMA = YES;
				CLANG_WARN_CONSTANT_CONVERSION = YES;
				CLANG_WARN_DEPRECATED_OBJC_IMPLEMENTATIONS = YES;
				CLANG_WARN_DIRECT_OBJC_ISA_USAGE = YES_ERROR;
				CLANG_WARN_DOCUMENTATION_COMMENTS = YES;
				CLANG_WARN_EMPTY_BODY = YES;
				CLANG_WARN_ENUM_CONVERSION = YES;
				CLANG_WARN_INFINITE_RECURSION = YES;
				CLANG_WARN_INT_CONVERSION = YES;
				CLANG_WARN_NON_LITERAL_NULL_CONVERSION = YES;
				CLANG_WARN_OBJC_IMPLICIT_RETAIN_SELF = YES;
				CLANG_WARN_OBJC_LITERAL_CONVERSION = YES;
				CLANG_WARN_OBJC_ROOT_CLASS = YES_ERROR;
				CLANG_WARN_QUOTED_INCLUDE_IN_FRAMEWORK_HEADER = YES;
				CLANG_WARN_RANGE_LOOP_ANALYSIS = YES;
				CLANG_WARN_STRICT_PROTOTYPES = YES;
				CLANG_WARN_SUSPICIOUS_MOVE = YES;
				CLANG_WARN_UNGUARDED_AVAILABILITY = YES_AGGRESSIVE;
				CLANG_WARN_UNREACHABLE_CODE = YES;
				CLANG_WARN__DUPLICATE_METHOD_MATCH = YES;
				COPY_PHASE_STRIP = NO;
				DEBUG_INFORMATION_FORMAT = "dwarf-with-dsym";
				ENABLE_NS_ASSERTIONS = NO;
				ENABLE_STRICT_OBJC_MSGSEND = YES;
				ENABLE_USER_SCRIPT_SANDBOXING = YES;
				GCC_C_LANGUAGE_STANDARD = gnu17;
				GCC_NO_COMMON_BLOCKS = YES;
				GCC_WARN_64_TO_32_BIT_CONVERSION = YES;
				GCC_WARN_ABOUT_RETURN_TYPE = YES_ERROR;
				GCC_WARN_UNDECLARED_SELECTOR = YES;
				GCC_WARN_UNINITIALIZED_AUTOS = YES_AGGRESSIVE;
				GCC_WARN_UNUSED_FUNCTION = YES;
				GCC_WARN_UNUSED_VARIABLE = YES;
				LOCALIZATION_PREFERS_STRING_CATALOGS = YES;
				MTL_ENABLE_DEBUG_INFO = NO;
				MTL_FAST_MATH = YES;
				SDKROOT = xros;
				SWIFT_COMPILATION_MODE = wholemodule;
				VALIDATE_PRODUCT = YES;
				XROS_DEPLOYMENT_TARGET = 1.0;
			};
			name = Release;
		};
		BA76A3A12ABD8FA5005AC7D0 /* Debug */ = {
			isa = XCBuildConfiguration;
			buildSettings = {
				ASSETCATALOG_COMPILER_APPICON_NAME = AppIcon;
				ASSETCATALOG_COMPILER_GLOBAL_ACCENT_COLOR_NAME = AccentColor;
				CODE_SIGN_STYLE = Automatic;
				CURRENT_PROJECT_VERSION = 1;
				DEVELOPMENT_ASSET_PATHS = "\"360ViewerVO/Preview Content\"";
				DEVELOPMENT_TEAM = J5CY9Q9UP5;
				ENABLE_PREVIEWS = YES;
				GENERATE_INFOPLIST_FILE = YES;
				INFOPLIST_FILE = "$(TARGET_NAME)/Info.plist";
				INFOPLIST_KEY_CFBundleDisplayName = "360 Viewer";
				LD_RUNPATH_SEARCH_PATHS = (
					"$(inherited)",
					"@executable_path/Frameworks",
				);
				MARKETING_VERSION = 1.0;
				PRODUCT_BUNDLE_IDENTIFIER = "com.atarayosd.-60ViewerVO";
				PRODUCT_NAME = "$(TARGET_NAME)";
				SUPPORTED_PLATFORMS = "xros xrsimulator";
				SWIFT_EMIT_LOC_STRINGS = YES;
				SWIFT_VERSION = 5.0;
				TARGETED_DEVICE_FAMILY = "1,2,7";
			};
			name = Debug;
		};
		BA76A3A22ABD8FA5005AC7D0 /* Release */ = {
			isa = XCBuildConfiguration;
			buildSettings = {
				ASSETCATALOG_COMPILER_APPICON_NAME = AppIcon;
				ASSETCATALOG_COMPILER_GLOBAL_ACCENT_COLOR_NAME = AccentColor;
				CODE_SIGN_STYLE = Automatic;
				CURRENT_PROJECT_VERSION = 1;
				DEVELOPMENT_ASSET_PATHS = "\"360ViewerVO/Preview Content\"";
				DEVELOPMENT_TEAM = J5CY9Q9UP5;
				ENABLE_PREVIEWS = YES;
				GENERATE_INFOPLIST_FILE = YES;
				INFOPLIST_FILE = "$(TARGET_NAME)/Info.plist";
				INFOPLIST_KEY_CFBundleDisplayName = "360 Viewer";
				LD_RUNPATH_SEARCH_PATHS = (
					"$(inherited)",
					"@executable_path/Frameworks",
				);
				MARKETING_VERSION = 1.0;
				PRODUCT_BUNDLE_IDENTIFIER = "com.atarayosd.-60ViewerVO";
				PRODUCT_NAME = "$(TARGET_NAME)";
				SUPPORTED_PLATFORMS = "xros xrsimulator";
				SWIFT_EMIT_LOC_STRINGS = YES;
				SWIFT_VERSION = 5.0;
				TARGETED_DEVICE_FAMILY = "1,2,7";
			};
			name = Release;
		};
/* End XCBuildConfiguration section */

/* Begin XCConfigurationList section */
		BA76A3862ABD8FA4005AC7D0 /* Build configuration list for PBXProject "360ViewerVO" */ = {
			isa = XCConfigurationList;
			buildConfigurations = (
				BA76A39E2ABD8FA5005AC7D0 /* Debug */,
				BA76A39F2ABD8FA5005AC7D0 /* Release */,
			);
			defaultConfigurationIsVisible = 0;
			defaultConfigurationName = Release;
		};
		BA76A3A02ABD8FA5005AC7D0 /* Build configuration list for PBXNativeTarget "360ViewerVO" */ = {
			isa = XCConfigurationList;
			buildConfigurations = (
				BA76A3A12ABD8FA5005AC7D0 /* Debug */,
				BA76A3A22ABD8FA5005AC7D0 /* Release */,
			);
			defaultConfigurationIsVisible = 0;
			defaultConfigurationName = Release;
		};
/* End XCConfigurationList section */

/* Begin XCSwiftPackageProductDependency section */
		BA76A3902ABD8FA4005AC7D0 /* RealityKitContent */ = {
			isa = XCSwiftPackageProductDependency;
			productName = RealityKitContent;
		};
/* End XCSwiftPackageProductDependency section */
	};
	rootObject = BA76A3832ABD8FA4005AC7D0 /* Project object */;
}
